{
  "name": "node-day4",
  "version": "1.0.0",
  "lockfileVersion": 1,
  "requires": true,
  "dependencies": {
    "bootstrap": {
      "version": "3.3.7",
      "resolved": "http://r.cnpmjs.org/bootstrap/download/bootstrap-3.3.7.tgz",
      "integrity": "sha1-WjiTlFSfIzMIdaOxUGVldPip63E="
    },
    "mime": {
      "version": "2.0.3",
      "resolved": "http://r.cnpmjs.org/mime/download/mime-2.0.3.tgz",
      "integrity": "sha1-Q1MzeFR0fEjqSYMw3ANPn0u7zAs="
    }
  }
}
